
Microsoft Visual Studio Solution File, Format Version 11.00
# Visual Studio 2010
Project("{FAE04EC0-301F-11D3-BF4B-00C04F79EFBC}") = "Kids Qaida", "Assembly-CSharp.csproj", "{9EEFCEA2-0BE2-2E67-657A-2A296003BCB9}"
EndProject
Project("{FAE04EC0-301F-11D3-BF4B-00C04F79EFBC}") = "Kids Qaida", "Assembly-CSharp-Editor.csproj", "{F6DC093E-EDFB-EA0A-E0E0-39BAF5DA0397}"
EndProject
Global
	GlobalSection(SolutionConfigurationPlatforms) = preSolution
		Debug|Any CPU = Debug|Any CPU
		Release|Any CPU = Release|Any CPU
	EndGlobalSection
	GlobalSection(ProjectConfigurationPlatforms) = postSolution
		{9EEFCEA2-0BE2-2E67-657A-2A296003BCB9}.Debug|Any CPU.ActiveCfg = Debug|Any CPU
		{9EEFCEA2-0BE2-2E67-657A-2A296003BCB9}.Debug|Any CPU.Build.0 = Debug|Any CPU
		{9EEFCEA2-0BE2-2E67-657A-2A296003BCB9}.Release|Any CPU.ActiveCfg = Release|Any CPU
		{9EEFCEA2-0BE2-2E67-657A-2A296003BCB9}.Release|Any CPU.Build.0 = Release|Any CPU
		{F6DC093E-EDFB-EA0A-E0E0-39BAF5DA0397}.Debug|Any CPU.ActiveCfg = Debug|Any CPU
		{F6DC093E-EDFB-EA0A-E0E0-39BAF5DA0397}.Debug|Any CPU.Build.0 = Debug|Any CPU
		{F6DC093E-EDFB-EA0A-E0E0-39BAF5DA0397}.Release|Any CPU.ActiveCfg = Release|Any CPU
		{F6DC093E-EDFB-EA0A-E0E0-39BAF5DA0397}.Release|Any CPU.Build.0 = Release|Any CPU
	EndGlobalSection
	GlobalSection(SolutionProperties) = preSolution
		HideSolutionNode = FALSE
	EndGlobalSection
	GlobalSection(MonoDevelopProperties) = preSolution
		StartupItem = Assembly-CSharp.csproj
	EndGlobalSection
EndGlobal
